
Microsoft Visual Studio Solution File, Format Version 12.00
# Visual Studio Version 17
VisualStudioVersion = 17.8.34330.188
MinimumVisualStudioVersion = 10.0.40219.1
Project("{9A19103F-16F7-4668-BE54-9A1E7A4F7556}") = "Our.Umbraco.SuperEasyRss", "Our.Umbraco.SuperEasyRss.csproj", "{A991FEE1-443A-47C3-95C8-9FB016BD72DC}"
EndProject
Global
	GlobalSection(SolutionConfigurationPlatforms) = preSolution
		Debug|Any CPU = Debug|Any CPU
		Release|Any CPU = Release|Any CPU
	EndGlobalSection
	GlobalSection(ProjectConfigurationPlatforms) = postSolution
		{A991FEE1-443A-47C3-95C8-9FB016BD72DC}.Debug|Any CPU.ActiveCfg = Debug|Any CPU
		{A991FEE1-443A-47C3-95C8-9FB016BD72DC}.Debug|Any CPU.Build.0 = Debug|Any CPU
		{A991FEE1-443A-47C3-95C8-9FB016BD72DC}.Release|Any CPU.ActiveCfg = Release|Any CPU
		{A991FEE1-443A-47C3-95C8-9FB016BD72DC}.Release|Any CPU.Build.0 = Release|Any CPU
	EndGlobalSection
	GlobalSection(SolutionProperties) = preSolution
		HideSolutionNode = FALSE
	EndGlobalSection
	GlobalSection(ExtensibilityGlobals) = postSolution
		SolutionGuid = {3D036B1F-EBFC-4EEA-BA54-5E096456F0B1}
	EndGlobalSection
EndGlobal
